
Microsoft Visual Studio Solution File, Format Version 12.00
# Visual Studio Express 2013 for Windows Desktop
VisualStudioVersion = 12.0.21005.1
MinimumVisualStudioVersion = 10.0.40219.1
Project("{FAE04EC0-301F-11D3-BF4B-00C04F79EFBC}") = "Binhl2JsWE", "Binhl2JsWE\Binhl2JsWE.csproj", "{CF8DDE97-CCC4-461B-BB50-2460719F155E}"
EndProject
Project("{FAE04EC0-301F-11D3-BF4B-00C04F79EFBC}") = "EDF2MNET", "EDF2MNET\EDF2MNET.csproj", "{858BBB5F-562B-482C-ADF7-6C669252AFBB}"
EndProject
Project("{FAE04EC0-301F-11D3-BF4B-00C04F79EFBC}") = "MNetSynt", "MNetSynt\MNetSynt.csproj", "{8E774A0A-3D02-48EB-A126-371579B28941}"
EndProject
Project("{FAE04EC0-301F-11D3-BF4B-00C04F79EFBC}") = "RouteUtils", "RouteUtils\RouteUtils.csproj", "{4DD0FC56-7B11-4524-B651-AD424449CBFB}"
EndProject
Project("{FAE04EC0-301F-11D3-BF4B-00C04F79EFBC}") = "vqm2MNET", "vqm2MNET\vqm2MNET.csproj", "{F3ADA961-F326-42E7-8DBB-8A7542A67396}"
EndProject
Project("{FAE04EC0-301F-11D3-BF4B-00C04F79EFBC}") = "EspressoLutGen", "EspressoLutGen\EspressoLutGen\EspressoLutGen.csproj", "{A87C50E8-7679-4E56-9551-FA0AE16FC278}"
EndProject
Project("{FAE04EC0-301F-11D3-BF4B-00C04F79EFBC}") = "GenMnetFromOptLut", "GenMnetFromOptLut\GenMnetFromOptLut\GenMnetFromOptLut.csproj", "{F43B13B3-429C-49E7-8612-B350369D9410}"
EndProject
Project("{FAE04EC0-301F-11D3-BF4B-00C04F79EFBC}") = "MnetLutDecomposite", "MnetLutDecomposite\MnetLutDecomposite.csproj", "{DB5E91CC-5FA4-4F22-9EA1-25D1EB0B2C12}"
EndProject
Global
	GlobalSection(SolutionConfigurationPlatforms) = preSolution
		Debug|Any CPU = Debug|Any CPU
		Debug|Mixed Platforms = Debug|Mixed Platforms
		Debug|x86 = Debug|x86
		Release|Any CPU = Release|Any CPU
		Release|Mixed Platforms = Release|Mixed Platforms
		Release|x86 = Release|x86
	EndGlobalSection
	GlobalSection(ProjectConfigurationPlatforms) = postSolution
		{CF8DDE97-CCC4-461B-BB50-2460719F155E}.Debug|Any CPU.ActiveCfg = Debug|x86
		{CF8DDE97-CCC4-461B-BB50-2460719F155E}.Debug|Mixed Platforms.ActiveCfg = Debug|x86
		{CF8DDE97-CCC4-461B-BB50-2460719F155E}.Debug|Mixed Platforms.Build.0 = Debug|x86
		{CF8DDE97-CCC4-461B-BB50-2460719F155E}.Debug|x86.ActiveCfg = Debug|x86
		{CF8DDE97-CCC4-461B-BB50-2460719F155E}.Debug|x86.Build.0 = Debug|x86
		{CF8DDE97-CCC4-461B-BB50-2460719F155E}.Release|Any CPU.ActiveCfg = Release|x86
		{CF8DDE97-CCC4-461B-BB50-2460719F155E}.Release|Mixed Platforms.ActiveCfg = Release|x86
		{CF8DDE97-CCC4-461B-BB50-2460719F155E}.Release|Mixed Platforms.Build.0 = Release|x86
		{CF8DDE97-CCC4-461B-BB50-2460719F155E}.Release|x86.ActiveCfg = Release|x86
		{CF8DDE97-CCC4-461B-BB50-2460719F155E}.Release|x86.Build.0 = Release|x86
		{858BBB5F-562B-482C-ADF7-6C669252AFBB}.Debug|Any CPU.ActiveCfg = Debug|x86
		{858BBB5F-562B-482C-ADF7-6C669252AFBB}.Debug|Mixed Platforms.ActiveCfg = Debug|x86
		{858BBB5F-562B-482C-ADF7-6C669252AFBB}.Debug|Mixed Platforms.Build.0 = Debug|x86
		{858BBB5F-562B-482C-ADF7-6C669252AFBB}.Debug|x86.ActiveCfg = Debug|x86
		{858BBB5F-562B-482C-ADF7-6C669252AFBB}.Debug|x86.Build.0 = Debug|x86
		{858BBB5F-562B-482C-ADF7-6C669252AFBB}.Release|Any CPU.ActiveCfg = Release|x86
		{858BBB5F-562B-482C-ADF7-6C669252AFBB}.Release|Mixed Platforms.ActiveCfg = Release|x86
		{858BBB5F-562B-482C-ADF7-6C669252AFBB}.Release|Mixed Platforms.Build.0 = Release|x86
		{858BBB5F-562B-482C-ADF7-6C669252AFBB}.Release|x86.ActiveCfg = Release|x86
		{858BBB5F-562B-482C-ADF7-6C669252AFBB}.Release|x86.Build.0 = Release|x86
		{8E774A0A-3D02-48EB-A126-371579B28941}.Debug|Any CPU.ActiveCfg = Debug|x86
		{8E774A0A-3D02-48EB-A126-371579B28941}.Debug|Mixed Platforms.ActiveCfg = Debug|x86
		{8E774A0A-3D02-48EB-A126-371579B28941}.Debug|Mixed Platforms.Build.0 = Debug|x86
		{8E774A0A-3D02-48EB-A126-371579B28941}.Debug|x86.ActiveCfg = Debug|x86
		{8E774A0A-3D02-48EB-A126-371579B28941}.Debug|x86.Build.0 = Debug|x86
		{8E774A0A-3D02-48EB-A126-371579B28941}.Release|Any CPU.ActiveCfg = Release|x86
		{8E774A0A-3D02-48EB-A126-371579B28941}.Release|Mixed Platforms.ActiveCfg = Release|x86
		{8E774A0A-3D02-48EB-A126-371579B28941}.Release|Mixed Platforms.Build.0 = Release|x86
		{8E774A0A-3D02-48EB-A126-371579B28941}.Release|x86.ActiveCfg = Release|x86
		{8E774A0A-3D02-48EB-A126-371579B28941}.Release|x86.Build.0 = Release|x86
		{4DD0FC56-7B11-4524-B651-AD424449CBFB}.Debug|Any CPU.ActiveCfg = Debug|Any CPU
		{4DD0FC56-7B11-4524-B651-AD424449CBFB}.Debug|Any CPU.Build.0 = Debug|Any CPU
		{4DD0FC56-7B11-4524-B651-AD424449CBFB}.Debug|Mixed Platforms.ActiveCfg = Debug|Any CPU
		{4DD0FC56-7B11-4524-B651-AD424449CBFB}.Debug|Mixed Platforms.Build.0 = Debug|Any CPU
		{4DD0FC56-7B11-4524-B651-AD424449CBFB}.Debug|x86.ActiveCfg = Debug|Any CPU
		{4DD0FC56-7B11-4524-B651-AD424449CBFB}.Debug|x86.Build.0 = Debug|Any CPU
		{4DD0FC56-7B11-4524-B651-AD424449CBFB}.Release|Any CPU.ActiveCfg = Release|Any CPU
		{4DD0FC56-7B11-4524-B651-AD424449CBFB}.Release|Any CPU.Build.0 = Release|Any CPU
		{4DD0FC56-7B11-4524-B651-AD424449CBFB}.Release|Mixed Platforms.ActiveCfg = Release|Any CPU
		{4DD0FC56-7B11-4524-B651-AD424449CBFB}.Release|Mixed Platforms.Build.0 = Release|Any CPU
		{4DD0FC56-7B11-4524-B651-AD424449CBFB}.Release|x86.ActiveCfg = Release|Any CPU
		{4DD0FC56-7B11-4524-B651-AD424449CBFB}.Release|x86.Build.0 = Release|Any CPU
		{F3ADA961-F326-42E7-8DBB-8A7542A67396}.Debug|Any CPU.ActiveCfg = Debug|x86
		{F3ADA961-F326-42E7-8DBB-8A7542A67396}.Debug|Mixed Platforms.ActiveCfg = Debug|x86
		{F3ADA961-F326-42E7-8DBB-8A7542A67396}.Debug|Mixed Platforms.Build.0 = Debug|x86
		{F3ADA961-F326-42E7-8DBB-8A7542A67396}.Debug|x86.ActiveCfg = Debug|x86
		{F3ADA961-F326-42E7-8DBB-8A7542A67396}.Debug|x86.Build.0 = Debug|x86
		{F3ADA961-F326-42E7-8DBB-8A7542A67396}.Release|Any CPU.ActiveCfg = Release|x86
		{F3ADA961-F326-42E7-8DBB-8A7542A67396}.Release|Mixed Platforms.ActiveCfg = Release|x86
		{F3ADA961-F326-42E7-8DBB-8A7542A67396}.Release|Mixed Platforms.Build.0 = Release|x86
		{F3ADA961-F326-42E7-8DBB-8A7542A67396}.Release|x86.ActiveCfg = Release|x86
		{F3ADA961-F326-42E7-8DBB-8A7542A67396}.Release|x86.Build.0 = Release|x86
		{A87C50E8-7679-4E56-9551-FA0AE16FC278}.Debug|Any CPU.ActiveCfg = Debug|Any CPU
		{A87C50E8-7679-4E56-9551-FA0AE16FC278}.Debug|Any CPU.Build.0 = Debug|Any CPU
		{A87C50E8-7679-4E56-9551-FA0AE16FC278}.Debug|Mixed Platforms.ActiveCfg = Debug|Any CPU
		{A87C50E8-7679-4E56-9551-FA0AE16FC278}.Debug|Mixed Platforms.Build.0 = Debug|Any CPU
		{A87C50E8-7679-4E56-9551-FA0AE16FC278}.Debug|x86.ActiveCfg = Debug|Any CPU
		{A87C50E8-7679-4E56-9551-FA0AE16FC278}.Release|Any CPU.ActiveCfg = Release|Any CPU
		{A87C50E8-7679-4E56-9551-FA0AE16FC278}.Release|Any CPU.Build.0 = Release|Any CPU
		{A87C50E8-7679-4E56-9551-FA0AE16FC278}.Release|Mixed Platforms.ActiveCfg = Release|Any CPU
		{A87C50E8-7679-4E56-9551-FA0AE16FC278}.Release|Mixed Platforms.Build.0 = Release|Any CPU
		{A87C50E8-7679-4E56-9551-FA0AE16FC278}.Release|x86.ActiveCfg = Release|Any CPU
		{F43B13B3-429C-49E7-8612-B350369D9410}.Debug|Any CPU.ActiveCfg = Debug|Any CPU
		{F43B13B3-429C-49E7-8612-B350369D9410}.Debug|Any CPU.Build.0 = Debug|Any CPU
		{F43B13B3-429C-49E7-8612-B350369D9410}.Debug|Mixed Platforms.ActiveCfg = Debug|Any CPU
		{F43B13B3-429C-49E7-8612-B350369D9410}.Debug|Mixed Platforms.Build.0 = Debug|Any CPU
		{F43B13B3-429C-49E7-8612-B350369D9410}.Debug|x86.ActiveCfg = Debug|Any CPU
		{F43B13B3-429C-49E7-8612-B350369D9410}.Release|Any CPU.ActiveCfg = Release|Any CPU
		{F43B13B3-429C-49E7-8612-B350369D9410}.Release|Any CPU.Build.0 = Release|Any CPU
		{F43B13B3-429C-49E7-8612-B350369D9410}.Release|Mixed Platforms.ActiveCfg = Release|Any CPU
		{F43B13B3-429C-49E7-8612-B350369D9410}.Release|Mixed Platforms.Build.0 = Release|Any CPU
		{F43B13B3-429C-49E7-8612-B350369D9410}.Release|x86.ActiveCfg = Release|Any CPU
		{DB5E91CC-5FA4-4F22-9EA1-25D1EB0B2C12}.Debug|Any CPU.ActiveCfg = Debug|Any CPU
		{DB5E91CC-5FA4-4F22-9EA1-25D1EB0B2C12}.Debug|Any CPU.Build.0 = Debug|Any CPU
		{DB5E91CC-5FA4-4F22-9EA1-25D1EB0B2C12}.Debug|Mixed Platforms.ActiveCfg = Debug|Any CPU
		{DB5E91CC-5FA4-4F22-9EA1-25D1EB0B2C12}.Debug|Mixed Platforms.Build.0 = Debug|Any CPU
		{DB5E91CC-5FA4-4F22-9EA1-25D1EB0B2C12}.Debug|x86.ActiveCfg = Debug|Any CPU
		{DB5E91CC-5FA4-4F22-9EA1-25D1EB0B2C12}.Release|Any CPU.ActiveCfg = Release|Any CPU
		{DB5E91CC-5FA4-4F22-9EA1-25D1EB0B2C12}.Release|Any CPU.Build.0 = Release|Any CPU
		{DB5E91CC-5FA4-4F22-9EA1-25D1EB0B2C12}.Release|Mixed Platforms.ActiveCfg = Release|Any CPU
		{DB5E91CC-5FA4-4F22-9EA1-25D1EB0B2C12}.Release|Mixed Platforms.Build.0 = Release|Any CPU
		{DB5E91CC-5FA4-4F22-9EA1-25D1EB0B2C12}.Release|x86.ActiveCfg = Release|Any CPU
	EndGlobalSection
	GlobalSection(SolutionProperties) = preSolution
		HideSolutionNode = FALSE
	EndGlobalSection
	GlobalSection(MonoDevelopProperties) = preSolution
		StartupItem = vqm2MNET\vqm2MNET.csproj
	EndGlobalSection
EndGlobal
