
Microsoft Visual Studio Solution File, Format Version 12.00
# Visual Studio 2013
VisualStudioVersion = 12.0.30723.0
MinimumVisualStudioVersion = 10.0.40219.1
Project("{FAE04EC0-301F-11D3-BF4B-00C04F79EFBC}") = "Binhl2JsWE", "Binhl2JsWE\Binhl2JsWE.csproj", "{CF8DDE97-CCC4-461B-BB50-2460719F155E}"
EndProject
Project("{FAE04EC0-301F-11D3-BF4B-00C04F79EFBC}") = "EDF2MNET", "EDF2MNET\EDF2MNET.csproj", "{858BBB5F-562B-482C-ADF7-6C669252AFBB}"
EndProject
Project("{FAE04EC0-301F-11D3-BF4B-00C04F79EFBC}") = "MNetSynt", "MNetSynt\MNetSynt.csproj", "{8E774A0A-3D02-48EB-A126-371579B28941}"
EndProject
Project("{FAE04EC0-301F-11D3-BF4B-00C04F79EFBC}") = "RouteUtils", "RouteUtils\RouteUtils.csproj", "{4DD0FC56-7B11-4524-B651-AD424449CBFB}"
EndProject
Project("{FAE04EC0-301F-11D3-BF4B-00C04F79EFBC}") = "vqm2MNET", "vqm2MNET\vqm2MNET.csproj", "{F3ADA961-F326-42E7-8DBB-8A7542A67396}"
EndProject
Project("{FAE04EC0-301F-11D3-BF4B-00C04F79EFBC}") = "EspressoLutGen", "EspressoLutGen\EspressoLutGen\EspressoLutGen.csproj", "{A87C50E8-7679-4E56-9551-FA0AE16FC278}"
EndProject
Project("{FAE04EC0-301F-11D3-BF4B-00C04F79EFBC}") = "GenMnetFromOptLut", "GenMnetFromOptLut\GenMnetFromOptLut\GenMnetFromOptLut.csproj", "{F43B13B3-429C-49E7-8612-B350369D9410}"
EndProject
Project("{FAE04EC0-301F-11D3-BF4B-00C04F79EFBC}") = "MnetLutDecomposite", "MnetLutDecomposite\MnetLutDecomposite.csproj", "{DB5E91CC-5FA4-4F22-9EA1-25D1EB0B2C12}"
EndProject
Project("{FAE04EC0-301F-11D3-BF4B-00C04F79EFBC}") = "StarboundExport", "StarboundExport\StarboundExport.csproj", "{81C50184-4C85-49DB-AE58-46BA91D0378D}"
EndProject
Project("{FAE04EC0-301F-11D3-BF4B-00C04F79EFBC}") = "SBBIN2mcr", "SBBIN2mcr\SBBIN2mcr.csproj", "{CFED8EF9-AAA4-45C2-923E-138038A438B8}"
EndProject
Project("{FAE04EC0-301F-11D3-BF4B-00C04F79EFBC}") = "SBBIN2mcrTP", "SBBIN2mcrTP\SBBIN2mcrTP.csproj", "{04BECE55-03F0-4C0C-854A-996E58AB33F8}"
EndProject
Project("{FAE04EC0-301F-11D3-BF4B-00C04F79EFBC}") = "Mnetsynt2", "Mnetsynt2\Mnetsynt2.csproj", "{31F67756-C504-4F9C-A4CF-E322BE89E881}"
EndProject
Project("{FAE04EC0-301F-11D3-BF4B-00C04F79EFBC}") = "MnetLibToBinLib", "MnetLibToBinLib\MnetLibToBinLib.csproj", "{FC4CC009-91E4-451D-A75F-334DA7C6E947}"
EndProject
Project("{FAE04EC0-301F-11D3-BF4B-00C04F79EFBC}") = "BinLib", "BinLib\BinLib.csproj", "{341F0999-79C4-488D-B4F5-B87E5E116404}"
EndProject
Project("{FAE04EC0-301F-11D3-BF4B-00C04F79EFBC}") = "ResultToBinLib", "ResultToBinLib\ResultToBinLib.csproj", "{51FE403A-90C6-493A-AD84-F2E575FF7F2D}"
EndProject
Project("{FAE04EC0-301F-11D3-BF4B-00C04F79EFBC}") = "BinhlEmul", "BinhlEmul\BinhlEmul.csproj", "{5872D959-F0FD-439B-8C2D-AE6BF866E43D}"
EndProject
Project("{FAE04EC0-301F-11D3-BF4B-00C04F79EFBC}") = "MinerouteTest", "MinerouteTest\MinerouteTest.csproj", "{7342AB11-B517-4355-8346-B132C99DA828}"
EndProject
Project("{2150E333-8FDC-42A3-9474-1A3956D46DE8}") = "Generators", "Generators", "{684A5321-98FE-4A82-8CC5-AE3F23CD9332}"
EndProject
Project("{2150E333-8FDC-42A3-9474-1A3956D46DE8}") = "Libs", "Libs", "{2CFC47C4-1D04-4ADD-A6F9-B62BF173C7DA}"
EndProject
Project("{2150E333-8FDC-42A3-9474-1A3956D46DE8}") = "Tests", "Tests", "{786FFE51-BB62-4AB5-BC6E-50FFAB988A2D}"
EndProject
Project("{2150E333-8FDC-42A3-9474-1A3956D46DE8}") = "Starbound", "Starbound", "{281148EC-9BC4-4122-9C3E-3B2F9952082C}"
EndProject
Project("{2150E333-8FDC-42A3-9474-1A3956D46DE8}") = "old", "old", "{24805407-532C-48A1-A176-5B1628AE0F7F}"
EndProject
Project("{FAE04EC0-301F-11D3-BF4B-00C04F79EFBC}") = "GenerateTestForAllLut", "GenerateTestForAllLut\GenerateTestForAllLut.csproj", "{90104485-C3F7-45FA-BA32-D3C9D934A8D2}"
EndProject
Project("{FAE04EC0-301F-11D3-BF4B-00C04F79EFBC}") = "GateTestGen", "GateTestGen\GateTestGen.csproj", "{A11BC02F-DC66-430F-A5FB-1965EE6EEEAA}"
EndProject
Global
	GlobalSection(SolutionConfigurationPlatforms) = preSolution
		Debug|Any CPU = Debug|Any CPU
		Debug|Mixed Platforms = Debug|Mixed Platforms
		Debug|x86 = Debug|x86
		Release|Any CPU = Release|Any CPU
		Release|Mixed Platforms = Release|Mixed Platforms
		Release|x86 = Release|x86
	EndGlobalSection
	GlobalSection(ProjectConfigurationPlatforms) = postSolution
		{CF8DDE97-CCC4-461B-BB50-2460719F155E}.Debug|Any CPU.ActiveCfg = Debug|x86
		{CF8DDE97-CCC4-461B-BB50-2460719F155E}.Debug|Mixed Platforms.ActiveCfg = Debug|x86
		{CF8DDE97-CCC4-461B-BB50-2460719F155E}.Debug|Mixed Platforms.Build.0 = Debug|x86
		{CF8DDE97-CCC4-461B-BB50-2460719F155E}.Debug|x86.ActiveCfg = Debug|x86
		{CF8DDE97-CCC4-461B-BB50-2460719F155E}.Debug|x86.Build.0 = Debug|x86
		{CF8DDE97-CCC4-461B-BB50-2460719F155E}.Release|Any CPU.ActiveCfg = Release|x86
		{CF8DDE97-CCC4-461B-BB50-2460719F155E}.Release|Mixed Platforms.ActiveCfg = Release|x86
		{CF8DDE97-CCC4-461B-BB50-2460719F155E}.Release|Mixed Platforms.Build.0 = Release|x86
		{CF8DDE97-CCC4-461B-BB50-2460719F155E}.Release|x86.ActiveCfg = Release|x86
		{CF8DDE97-CCC4-461B-BB50-2460719F155E}.Release|x86.Build.0 = Release|x86
		{858BBB5F-562B-482C-ADF7-6C669252AFBB}.Debug|Any CPU.ActiveCfg = Debug|x86
		{858BBB5F-562B-482C-ADF7-6C669252AFBB}.Debug|Mixed Platforms.ActiveCfg = Debug|x86
		{858BBB5F-562B-482C-ADF7-6C669252AFBB}.Debug|Mixed Platforms.Build.0 = Debug|x86
		{858BBB5F-562B-482C-ADF7-6C669252AFBB}.Debug|x86.ActiveCfg = Debug|x86
		{858BBB5F-562B-482C-ADF7-6C669252AFBB}.Debug|x86.Build.0 = Debug|x86
		{858BBB5F-562B-482C-ADF7-6C669252AFBB}.Release|Any CPU.ActiveCfg = Release|x86
		{858BBB5F-562B-482C-ADF7-6C669252AFBB}.Release|Mixed Platforms.ActiveCfg = Release|x86
		{858BBB5F-562B-482C-ADF7-6C669252AFBB}.Release|Mixed Platforms.Build.0 = Release|x86
		{858BBB5F-562B-482C-ADF7-6C669252AFBB}.Release|x86.ActiveCfg = Release|x86
		{858BBB5F-562B-482C-ADF7-6C669252AFBB}.Release|x86.Build.0 = Release|x86
		{8E774A0A-3D02-48EB-A126-371579B28941}.Debug|Any CPU.ActiveCfg = Debug|x86
		{8E774A0A-3D02-48EB-A126-371579B28941}.Debug|Mixed Platforms.ActiveCfg = Debug|x86
		{8E774A0A-3D02-48EB-A126-371579B28941}.Debug|Mixed Platforms.Build.0 = Debug|x86
		{8E774A0A-3D02-48EB-A126-371579B28941}.Debug|x86.ActiveCfg = Debug|x86
		{8E774A0A-3D02-48EB-A126-371579B28941}.Debug|x86.Build.0 = Debug|x86
		{8E774A0A-3D02-48EB-A126-371579B28941}.Release|Any CPU.ActiveCfg = Release|x86
		{8E774A0A-3D02-48EB-A126-371579B28941}.Release|Mixed Platforms.ActiveCfg = Release|x86
		{8E774A0A-3D02-48EB-A126-371579B28941}.Release|Mixed Platforms.Build.0 = Release|x86
		{8E774A0A-3D02-48EB-A126-371579B28941}.Release|x86.ActiveCfg = Release|x86
		{8E774A0A-3D02-48EB-A126-371579B28941}.Release|x86.Build.0 = Release|x86
		{4DD0FC56-7B11-4524-B651-AD424449CBFB}.Debug|Any CPU.ActiveCfg = Debug|Any CPU
		{4DD0FC56-7B11-4524-B651-AD424449CBFB}.Debug|Any CPU.Build.0 = Debug|Any CPU
		{4DD0FC56-7B11-4524-B651-AD424449CBFB}.Debug|Mixed Platforms.ActiveCfg = Debug|Any CPU
		{4DD0FC56-7B11-4524-B651-AD424449CBFB}.Debug|Mixed Platforms.Build.0 = Debug|Any CPU
		{4DD0FC56-7B11-4524-B651-AD424449CBFB}.Debug|x86.ActiveCfg = Debug|Any CPU
		{4DD0FC56-7B11-4524-B651-AD424449CBFB}.Debug|x86.Build.0 = Debug|Any CPU
		{4DD0FC56-7B11-4524-B651-AD424449CBFB}.Release|Any CPU.ActiveCfg = Release|Any CPU
		{4DD0FC56-7B11-4524-B651-AD424449CBFB}.Release|Any CPU.Build.0 = Release|Any CPU
		{4DD0FC56-7B11-4524-B651-AD424449CBFB}.Release|Mixed Platforms.ActiveCfg = Release|Any CPU
		{4DD0FC56-7B11-4524-B651-AD424449CBFB}.Release|Mixed Platforms.Build.0 = Release|Any CPU
		{4DD0FC56-7B11-4524-B651-AD424449CBFB}.Release|x86.ActiveCfg = Release|Any CPU
		{4DD0FC56-7B11-4524-B651-AD424449CBFB}.Release|x86.Build.0 = Release|Any CPU
		{F3ADA961-F326-42E7-8DBB-8A7542A67396}.Debug|Any CPU.ActiveCfg = Debug|x86
		{F3ADA961-F326-42E7-8DBB-8A7542A67396}.Debug|Mixed Platforms.ActiveCfg = Debug|x86
		{F3ADA961-F326-42E7-8DBB-8A7542A67396}.Debug|Mixed Platforms.Build.0 = Debug|x86
		{F3ADA961-F326-42E7-8DBB-8A7542A67396}.Debug|x86.ActiveCfg = Debug|x86
		{F3ADA961-F326-42E7-8DBB-8A7542A67396}.Debug|x86.Build.0 = Debug|x86
		{F3ADA961-F326-42E7-8DBB-8A7542A67396}.Release|Any CPU.ActiveCfg = Release|x86
		{F3ADA961-F326-42E7-8DBB-8A7542A67396}.Release|Mixed Platforms.ActiveCfg = Release|x86
		{F3ADA961-F326-42E7-8DBB-8A7542A67396}.Release|Mixed Platforms.Build.0 = Release|x86
		{F3ADA961-F326-42E7-8DBB-8A7542A67396}.Release|x86.ActiveCfg = Release|x86
		{F3ADA961-F326-42E7-8DBB-8A7542A67396}.Release|x86.Build.0 = Release|x86
		{A87C50E8-7679-4E56-9551-FA0AE16FC278}.Debug|Any CPU.ActiveCfg = Debug|Any CPU
		{A87C50E8-7679-4E56-9551-FA0AE16FC278}.Debug|Any CPU.Build.0 = Debug|Any CPU
		{A87C50E8-7679-4E56-9551-FA0AE16FC278}.Debug|Mixed Platforms.ActiveCfg = Debug|Any CPU
		{A87C50E8-7679-4E56-9551-FA0AE16FC278}.Debug|Mixed Platforms.Build.0 = Debug|Any CPU
		{A87C50E8-7679-4E56-9551-FA0AE16FC278}.Debug|x86.ActiveCfg = Debug|Any CPU
		{A87C50E8-7679-4E56-9551-FA0AE16FC278}.Release|Any CPU.ActiveCfg = Release|Any CPU
		{A87C50E8-7679-4E56-9551-FA0AE16FC278}.Release|Any CPU.Build.0 = Release|Any CPU
		{A87C50E8-7679-4E56-9551-FA0AE16FC278}.Release|Mixed Platforms.ActiveCfg = Release|Any CPU
		{A87C50E8-7679-4E56-9551-FA0AE16FC278}.Release|Mixed Platforms.Build.0 = Release|Any CPU
		{A87C50E8-7679-4E56-9551-FA0AE16FC278}.Release|x86.ActiveCfg = Release|Any CPU
		{F43B13B3-429C-49E7-8612-B350369D9410}.Debug|Any CPU.ActiveCfg = Debug|Any CPU
		{F43B13B3-429C-49E7-8612-B350369D9410}.Debug|Any CPU.Build.0 = Debug|Any CPU
		{F43B13B3-429C-49E7-8612-B350369D9410}.Debug|Mixed Platforms.ActiveCfg = Debug|Any CPU
		{F43B13B3-429C-49E7-8612-B350369D9410}.Debug|Mixed Platforms.Build.0 = Debug|Any CPU
		{F43B13B3-429C-49E7-8612-B350369D9410}.Debug|x86.ActiveCfg = Debug|Any CPU
		{F43B13B3-429C-49E7-8612-B350369D9410}.Release|Any CPU.ActiveCfg = Release|Any CPU
		{F43B13B3-429C-49E7-8612-B350369D9410}.Release|Any CPU.Build.0 = Release|Any CPU
		{F43B13B3-429C-49E7-8612-B350369D9410}.Release|Mixed Platforms.ActiveCfg = Release|Any CPU
		{F43B13B3-429C-49E7-8612-B350369D9410}.Release|Mixed Platforms.Build.0 = Release|Any CPU
		{F43B13B3-429C-49E7-8612-B350369D9410}.Release|x86.ActiveCfg = Release|Any CPU
		{DB5E91CC-5FA4-4F22-9EA1-25D1EB0B2C12}.Debug|Any CPU.ActiveCfg = Debug|Any CPU
		{DB5E91CC-5FA4-4F22-9EA1-25D1EB0B2C12}.Debug|Any CPU.Build.0 = Debug|Any CPU
		{DB5E91CC-5FA4-4F22-9EA1-25D1EB0B2C12}.Debug|Mixed Platforms.ActiveCfg = Debug|Any CPU
		{DB5E91CC-5FA4-4F22-9EA1-25D1EB0B2C12}.Debug|Mixed Platforms.Build.0 = Debug|Any CPU
		{DB5E91CC-5FA4-4F22-9EA1-25D1EB0B2C12}.Debug|x86.ActiveCfg = Debug|Any CPU
		{DB5E91CC-5FA4-4F22-9EA1-25D1EB0B2C12}.Release|Any CPU.ActiveCfg = Release|Any CPU
		{DB5E91CC-5FA4-4F22-9EA1-25D1EB0B2C12}.Release|Any CPU.Build.0 = Release|Any CPU
		{DB5E91CC-5FA4-4F22-9EA1-25D1EB0B2C12}.Release|Mixed Platforms.ActiveCfg = Release|Any CPU
		{DB5E91CC-5FA4-4F22-9EA1-25D1EB0B2C12}.Release|Mixed Platforms.Build.0 = Release|Any CPU
		{DB5E91CC-5FA4-4F22-9EA1-25D1EB0B2C12}.Release|x86.ActiveCfg = Release|Any CPU
		{81C50184-4C85-49DB-AE58-46BA91D0378D}.Debug|Any CPU.ActiveCfg = Debug|Any CPU
		{81C50184-4C85-49DB-AE58-46BA91D0378D}.Debug|Any CPU.Build.0 = Debug|Any CPU
		{81C50184-4C85-49DB-AE58-46BA91D0378D}.Debug|Mixed Platforms.ActiveCfg = Debug|Any CPU
		{81C50184-4C85-49DB-AE58-46BA91D0378D}.Debug|Mixed Platforms.Build.0 = Debug|Any CPU
		{81C50184-4C85-49DB-AE58-46BA91D0378D}.Debug|x86.ActiveCfg = Debug|Any CPU
		{81C50184-4C85-49DB-AE58-46BA91D0378D}.Release|Any CPU.ActiveCfg = Release|Any CPU
		{81C50184-4C85-49DB-AE58-46BA91D0378D}.Release|Any CPU.Build.0 = Release|Any CPU
		{81C50184-4C85-49DB-AE58-46BA91D0378D}.Release|Mixed Platforms.ActiveCfg = Release|Any CPU
		{81C50184-4C85-49DB-AE58-46BA91D0378D}.Release|Mixed Platforms.Build.0 = Release|Any CPU
		{81C50184-4C85-49DB-AE58-46BA91D0378D}.Release|x86.ActiveCfg = Release|Any CPU
		{CFED8EF9-AAA4-45C2-923E-138038A438B8}.Debug|Any CPU.ActiveCfg = Debug|Any CPU
		{CFED8EF9-AAA4-45C2-923E-138038A438B8}.Debug|Any CPU.Build.0 = Debug|Any CPU
		{CFED8EF9-AAA4-45C2-923E-138038A438B8}.Debug|Mixed Platforms.ActiveCfg = Debug|Any CPU
		{CFED8EF9-AAA4-45C2-923E-138038A438B8}.Debug|Mixed Platforms.Build.0 = Debug|Any CPU
		{CFED8EF9-AAA4-45C2-923E-138038A438B8}.Debug|x86.ActiveCfg = Debug|Any CPU
		{CFED8EF9-AAA4-45C2-923E-138038A438B8}.Release|Any CPU.ActiveCfg = Release|Any CPU
		{CFED8EF9-AAA4-45C2-923E-138038A438B8}.Release|Any CPU.Build.0 = Release|Any CPU
		{CFED8EF9-AAA4-45C2-923E-138038A438B8}.Release|Mixed Platforms.ActiveCfg = Release|Any CPU
		{CFED8EF9-AAA4-45C2-923E-138038A438B8}.Release|Mixed Platforms.Build.0 = Release|Any CPU
		{CFED8EF9-AAA4-45C2-923E-138038A438B8}.Release|x86.ActiveCfg = Release|Any CPU
		{04BECE55-03F0-4C0C-854A-996E58AB33F8}.Debug|Any CPU.ActiveCfg = Debug|Any CPU
		{04BECE55-03F0-4C0C-854A-996E58AB33F8}.Debug|Any CPU.Build.0 = Debug|Any CPU
		{04BECE55-03F0-4C0C-854A-996E58AB33F8}.Debug|Mixed Platforms.ActiveCfg = Debug|Any CPU
		{04BECE55-03F0-4C0C-854A-996E58AB33F8}.Debug|Mixed Platforms.Build.0 = Debug|Any CPU
		{04BECE55-03F0-4C0C-854A-996E58AB33F8}.Debug|x86.ActiveCfg = Debug|Any CPU
		{04BECE55-03F0-4C0C-854A-996E58AB33F8}.Release|Any CPU.ActiveCfg = Release|Any CPU
		{04BECE55-03F0-4C0C-854A-996E58AB33F8}.Release|Any CPU.Build.0 = Release|Any CPU
		{04BECE55-03F0-4C0C-854A-996E58AB33F8}.Release|Mixed Platforms.ActiveCfg = Release|Any CPU
		{04BECE55-03F0-4C0C-854A-996E58AB33F8}.Release|Mixed Platforms.Build.0 = Release|Any CPU
		{04BECE55-03F0-4C0C-854A-996E58AB33F8}.Release|x86.ActiveCfg = Release|Any CPU
		{31F67756-C504-4F9C-A4CF-E322BE89E881}.Debug|Any CPU.ActiveCfg = Debug|Any CPU
		{31F67756-C504-4F9C-A4CF-E322BE89E881}.Debug|Any CPU.Build.0 = Debug|Any CPU
		{31F67756-C504-4F9C-A4CF-E322BE89E881}.Debug|Mixed Platforms.ActiveCfg = Debug|Any CPU
		{31F67756-C504-4F9C-A4CF-E322BE89E881}.Debug|Mixed Platforms.Build.0 = Debug|Any CPU
		{31F67756-C504-4F9C-A4CF-E322BE89E881}.Debug|x86.ActiveCfg = Debug|Any CPU
		{31F67756-C504-4F9C-A4CF-E322BE89E881}.Release|Any CPU.ActiveCfg = Release|Any CPU
		{31F67756-C504-4F9C-A4CF-E322BE89E881}.Release|Any CPU.Build.0 = Release|Any CPU
		{31F67756-C504-4F9C-A4CF-E322BE89E881}.Release|Mixed Platforms.ActiveCfg = Release|Any CPU
		{31F67756-C504-4F9C-A4CF-E322BE89E881}.Release|Mixed Platforms.Build.0 = Release|Any CPU
		{31F67756-C504-4F9C-A4CF-E322BE89E881}.Release|x86.ActiveCfg = Release|Any CPU
		{FC4CC009-91E4-451D-A75F-334DA7C6E947}.Debug|Any CPU.ActiveCfg = Debug|Any CPU
		{FC4CC009-91E4-451D-A75F-334DA7C6E947}.Debug|Any CPU.Build.0 = Debug|Any CPU
		{FC4CC009-91E4-451D-A75F-334DA7C6E947}.Debug|Mixed Platforms.ActiveCfg = Debug|Any CPU
		{FC4CC009-91E4-451D-A75F-334DA7C6E947}.Debug|Mixed Platforms.Build.0 = Debug|Any CPU
		{FC4CC009-91E4-451D-A75F-334DA7C6E947}.Debug|x86.ActiveCfg = Debug|Any CPU
		{FC4CC009-91E4-451D-A75F-334DA7C6E947}.Release|Any CPU.ActiveCfg = Release|Any CPU
		{FC4CC009-91E4-451D-A75F-334DA7C6E947}.Release|Any CPU.Build.0 = Release|Any CPU
		{FC4CC009-91E4-451D-A75F-334DA7C6E947}.Release|Mixed Platforms.ActiveCfg = Release|Any CPU
		{FC4CC009-91E4-451D-A75F-334DA7C6E947}.Release|Mixed Platforms.Build.0 = Release|Any CPU
		{FC4CC009-91E4-451D-A75F-334DA7C6E947}.Release|x86.ActiveCfg = Release|Any CPU
		{341F0999-79C4-488D-B4F5-B87E5E116404}.Debug|Any CPU.ActiveCfg = Debug|Any CPU
		{341F0999-79C4-488D-B4F5-B87E5E116404}.Debug|Any CPU.Build.0 = Debug|Any CPU
		{341F0999-79C4-488D-B4F5-B87E5E116404}.Debug|Mixed Platforms.ActiveCfg = Debug|Any CPU
		{341F0999-79C4-488D-B4F5-B87E5E116404}.Debug|Mixed Platforms.Build.0 = Debug|Any CPU
		{341F0999-79C4-488D-B4F5-B87E5E116404}.Debug|x86.ActiveCfg = Debug|Any CPU
		{341F0999-79C4-488D-B4F5-B87E5E116404}.Release|Any CPU.ActiveCfg = Release|Any CPU
		{341F0999-79C4-488D-B4F5-B87E5E116404}.Release|Any CPU.Build.0 = Release|Any CPU
		{341F0999-79C4-488D-B4F5-B87E5E116404}.Release|Mixed Platforms.ActiveCfg = Release|Any CPU
		{341F0999-79C4-488D-B4F5-B87E5E116404}.Release|Mixed Platforms.Build.0 = Release|Any CPU
		{341F0999-79C4-488D-B4F5-B87E5E116404}.Release|x86.ActiveCfg = Release|Any CPU
		{51FE403A-90C6-493A-AD84-F2E575FF7F2D}.Debug|Any CPU.ActiveCfg = Debug|Any CPU
		{51FE403A-90C6-493A-AD84-F2E575FF7F2D}.Debug|Any CPU.Build.0 = Debug|Any CPU
		{51FE403A-90C6-493A-AD84-F2E575FF7F2D}.Debug|Mixed Platforms.ActiveCfg = Debug|Any CPU
		{51FE403A-90C6-493A-AD84-F2E575FF7F2D}.Debug|Mixed Platforms.Build.0 = Debug|Any CPU
		{51FE403A-90C6-493A-AD84-F2E575FF7F2D}.Debug|x86.ActiveCfg = Debug|Any CPU
		{51FE403A-90C6-493A-AD84-F2E575FF7F2D}.Release|Any CPU.ActiveCfg = Release|Any CPU
		{51FE403A-90C6-493A-AD84-F2E575FF7F2D}.Release|Any CPU.Build.0 = Release|Any CPU
		{51FE403A-90C6-493A-AD84-F2E575FF7F2D}.Release|Mixed Platforms.ActiveCfg = Release|Any CPU
		{51FE403A-90C6-493A-AD84-F2E575FF7F2D}.Release|Mixed Platforms.Build.0 = Release|Any CPU
		{51FE403A-90C6-493A-AD84-F2E575FF7F2D}.Release|x86.ActiveCfg = Release|Any CPU
		{5872D959-F0FD-439B-8C2D-AE6BF866E43D}.Debug|Any CPU.ActiveCfg = Debug|Any CPU
		{5872D959-F0FD-439B-8C2D-AE6BF866E43D}.Debug|Any CPU.Build.0 = Debug|Any CPU
		{5872D959-F0FD-439B-8C2D-AE6BF866E43D}.Debug|Mixed Platforms.ActiveCfg = Debug|Any CPU
		{5872D959-F0FD-439B-8C2D-AE6BF866E43D}.Debug|Mixed Platforms.Build.0 = Debug|Any CPU
		{5872D959-F0FD-439B-8C2D-AE6BF866E43D}.Debug|x86.ActiveCfg = Debug|Any CPU
		{5872D959-F0FD-439B-8C2D-AE6BF866E43D}.Release|Any CPU.ActiveCfg = Release|Any CPU
		{5872D959-F0FD-439B-8C2D-AE6BF866E43D}.Release|Any CPU.Build.0 = Release|Any CPU
		{5872D959-F0FD-439B-8C2D-AE6BF866E43D}.Release|Mixed Platforms.ActiveCfg = Release|Any CPU
		{5872D959-F0FD-439B-8C2D-AE6BF866E43D}.Release|Mixed Platforms.Build.0 = Release|Any CPU
		{5872D959-F0FD-439B-8C2D-AE6BF866E43D}.Release|x86.ActiveCfg = Release|Any CPU
		{7342AB11-B517-4355-8346-B132C99DA828}.Debug|Any CPU.ActiveCfg = Debug|Any CPU
		{7342AB11-B517-4355-8346-B132C99DA828}.Debug|Any CPU.Build.0 = Debug|Any CPU
		{7342AB11-B517-4355-8346-B132C99DA828}.Debug|Mixed Platforms.ActiveCfg = Debug|Any CPU
		{7342AB11-B517-4355-8346-B132C99DA828}.Debug|Mixed Platforms.Build.0 = Debug|Any CPU
		{7342AB11-B517-4355-8346-B132C99DA828}.Debug|x86.ActiveCfg = Debug|Any CPU
		{7342AB11-B517-4355-8346-B132C99DA828}.Release|Any CPU.ActiveCfg = Release|Any CPU
		{7342AB11-B517-4355-8346-B132C99DA828}.Release|Any CPU.Build.0 = Release|Any CPU
		{7342AB11-B517-4355-8346-B132C99DA828}.Release|Mixed Platforms.ActiveCfg = Release|Any CPU
		{7342AB11-B517-4355-8346-B132C99DA828}.Release|Mixed Platforms.Build.0 = Release|Any CPU
		{7342AB11-B517-4355-8346-B132C99DA828}.Release|x86.ActiveCfg = Release|Any CPU
		{90104485-C3F7-45FA-BA32-D3C9D934A8D2}.Debug|Any CPU.ActiveCfg = Debug|Any CPU
		{90104485-C3F7-45FA-BA32-D3C9D934A8D2}.Debug|Any CPU.Build.0 = Debug|Any CPU
		{90104485-C3F7-45FA-BA32-D3C9D934A8D2}.Debug|Mixed Platforms.ActiveCfg = Debug|Any CPU
		{90104485-C3F7-45FA-BA32-D3C9D934A8D2}.Debug|Mixed Platforms.Build.0 = Debug|Any CPU
		{90104485-C3F7-45FA-BA32-D3C9D934A8D2}.Debug|x86.ActiveCfg = Debug|Any CPU
		{90104485-C3F7-45FA-BA32-D3C9D934A8D2}.Release|Any CPU.ActiveCfg = Release|Any CPU
		{90104485-C3F7-45FA-BA32-D3C9D934A8D2}.Release|Any CPU.Build.0 = Release|Any CPU
		{90104485-C3F7-45FA-BA32-D3C9D934A8D2}.Release|Mixed Platforms.ActiveCfg = Release|Any CPU
		{90104485-C3F7-45FA-BA32-D3C9D934A8D2}.Release|Mixed Platforms.Build.0 = Release|Any CPU
		{90104485-C3F7-45FA-BA32-D3C9D934A8D2}.Release|x86.ActiveCfg = Release|Any CPU
		{A11BC02F-DC66-430F-A5FB-1965EE6EEEAA}.Debug|Any CPU.ActiveCfg = Debug|Any CPU
		{A11BC02F-DC66-430F-A5FB-1965EE6EEEAA}.Debug|Any CPU.Build.0 = Debug|Any CPU
		{A11BC02F-DC66-430F-A5FB-1965EE6EEEAA}.Debug|Mixed Platforms.ActiveCfg = Debug|Any CPU
		{A11BC02F-DC66-430F-A5FB-1965EE6EEEAA}.Debug|Mixed Platforms.Build.0 = Debug|Any CPU
		{A11BC02F-DC66-430F-A5FB-1965EE6EEEAA}.Debug|x86.ActiveCfg = Debug|Any CPU
		{A11BC02F-DC66-430F-A5FB-1965EE6EEEAA}.Release|Any CPU.ActiveCfg = Release|Any CPU
		{A11BC02F-DC66-430F-A5FB-1965EE6EEEAA}.Release|Any CPU.Build.0 = Release|Any CPU
		{A11BC02F-DC66-430F-A5FB-1965EE6EEEAA}.Release|Mixed Platforms.ActiveCfg = Release|Any CPU
		{A11BC02F-DC66-430F-A5FB-1965EE6EEEAA}.Release|Mixed Platforms.Build.0 = Release|Any CPU
		{A11BC02F-DC66-430F-A5FB-1965EE6EEEAA}.Release|x86.ActiveCfg = Release|Any CPU
	EndGlobalSection
	GlobalSection(SolutionProperties) = preSolution
		HideSolutionNode = FALSE
	EndGlobalSection
	GlobalSection(NestedProjects) = preSolution
		{858BBB5F-562B-482C-ADF7-6C669252AFBB} = {24805407-532C-48A1-A176-5B1628AE0F7F}
		{8E774A0A-3D02-48EB-A126-371579B28941} = {24805407-532C-48A1-A176-5B1628AE0F7F}
		{4DD0FC56-7B11-4524-B651-AD424449CBFB} = {2CFC47C4-1D04-4ADD-A6F9-B62BF173C7DA}
		{A87C50E8-7679-4E56-9551-FA0AE16FC278} = {684A5321-98FE-4A82-8CC5-AE3F23CD9332}
		{F43B13B3-429C-49E7-8612-B350369D9410} = {684A5321-98FE-4A82-8CC5-AE3F23CD9332}
		{81C50184-4C85-49DB-AE58-46BA91D0378D} = {281148EC-9BC4-4122-9C3E-3B2F9952082C}
		{CFED8EF9-AAA4-45C2-923E-138038A438B8} = {281148EC-9BC4-4122-9C3E-3B2F9952082C}
		{04BECE55-03F0-4C0C-854A-996E58AB33F8} = {281148EC-9BC4-4122-9C3E-3B2F9952082C}
		{FC4CC009-91E4-451D-A75F-334DA7C6E947} = {684A5321-98FE-4A82-8CC5-AE3F23CD9332}
		{341F0999-79C4-488D-B4F5-B87E5E116404} = {2CFC47C4-1D04-4ADD-A6F9-B62BF173C7DA}
		{51FE403A-90C6-493A-AD84-F2E575FF7F2D} = {684A5321-98FE-4A82-8CC5-AE3F23CD9332}
		{7342AB11-B517-4355-8346-B132C99DA828} = {786FFE51-BB62-4AB5-BC6E-50FFAB988A2D}
		{90104485-C3F7-45FA-BA32-D3C9D934A8D2} = {684A5321-98FE-4A82-8CC5-AE3F23CD9332}
		{A11BC02F-DC66-430F-A5FB-1965EE6EEEAA} = {684A5321-98FE-4A82-8CC5-AE3F23CD9332}
	EndGlobalSection
	GlobalSection(MonoDevelopProperties) = preSolution
		StartupItem = vqm2MNET\vqm2MNET.csproj
	EndGlobalSection
EndGlobal
